
Microsoft Visual Studio Solution File, Format Version 12.00
# Visual Studio Version 16
VisualStudioVersion = 16.0.31112.23
MinimumVisualStudioVersion = 10.0.40219.1
Project("{2150E333-8FDC-42A3-9474-1A3956D46DE8}") = "Engine", "Engine", "{C71F3608-B925-4D70-97BC-57FBCBD36FBC}"
EndProject
Project("{2150E333-8FDC-42A3-9474-1A3956D46DE8}") = "Games", "Games", "{A36A8999-C4C4-4D98-8E63-BED309F2D186}"
EndProject
Project("{8BC9CEB8-8B4A-11D0-8D11-00A0C91BC942}") = "UE4", "Intermediate\ProjectFiles\UE4.vcxproj", "{D40462AF-CDAC-49DB-8035-AB62DE6EEF9C}"
EndProject
Project("{8BC9CEB8-8B4A-11D0-8D11-00A0C91BC942}") = "TagOut", "Intermediate\ProjectFiles\TagOut.vcxproj", "{746EC816-6F44-45DA-992E-A46C440A67ED}"
EndProject
Global
	GlobalSection(SolutionConfigurationPlatforms) = preSolution
		DebugGame Editor|HTML5 = DebugGame Editor|HTML5
		DebugGame Editor|Win32 = DebugGame Editor|Win32
		DebugGame Editor|Win64 = DebugGame Editor|Win64
		DebugGame|HTML5 = DebugGame|HTML5
		DebugGame|Win32 = DebugGame|Win32
		DebugGame|Win64 = DebugGame|Win64
		Development Editor|HTML5 = Development Editor|HTML5
		Development Editor|Win32 = Development Editor|Win32
		Development Editor|Win64 = Development Editor|Win64
		Development|HTML5 = Development|HTML5
		Development|Win32 = Development|Win32
		Development|Win64 = Development|Win64
		Shipping|HTML5 = Shipping|HTML5
		Shipping|Win32 = Shipping|Win32
		Shipping|Win64 = Shipping|Win64
	EndGlobalSection
	GlobalSection(ProjectConfigurationPlatforms) = postSolution
		{D40462AF-CDAC-49DB-8035-AB62DE6EEF9C}.DebugGame Editor|HTML5.ActiveCfg = BuiltWithUnrealBuildTool|Win32
		{D40462AF-CDAC-49DB-8035-AB62DE6EEF9C}.DebugGame Editor|HTML5.Build.0 = BuiltWithUnrealBuildTool|Win32
		{D40462AF-CDAC-49DB-8035-AB62DE6EEF9C}.DebugGame Editor|Win32.ActiveCfg = BuiltWithUnrealBuildTool|Win32
		{D40462AF-CDAC-49DB-8035-AB62DE6EEF9C}.DebugGame Editor|Win32.Build.0 = BuiltWithUnrealBuildTool|Win32
		{D40462AF-CDAC-49DB-8035-AB62DE6EEF9C}.DebugGame Editor|Win64.ActiveCfg = BuiltWithUnrealBuildTool|Win32
		{D40462AF-CDAC-49DB-8035-AB62DE6EEF9C}.DebugGame Editor|Win64.Build.0 = BuiltWithUnrealBuildTool|Win32
		{D40462AF-CDAC-49DB-8035-AB62DE6EEF9C}.DebugGame|HTML5.ActiveCfg = BuiltWithUnrealBuildTool|Win32
		{D40462AF-CDAC-49DB-8035-AB62DE6EEF9C}.DebugGame|HTML5.Build.0 = BuiltWithUnrealBuildTool|Win32
		{D40462AF-CDAC-49DB-8035-AB62DE6EEF9C}.DebugGame|Win32.ActiveCfg = BuiltWithUnrealBuildTool|Win32
		{D40462AF-CDAC-49DB-8035-AB62DE6EEF9C}.DebugGame|Win32.Build.0 = BuiltWithUnrealBuildTool|Win32
		{D40462AF-CDAC-49DB-8035-AB62DE6EEF9C}.DebugGame|Win64.ActiveCfg = BuiltWithUnrealBuildTool|Win32
		{D40462AF-CDAC-49DB-8035-AB62DE6EEF9C}.DebugGame|Win64.Build.0 = BuiltWithUnrealBuildTool|Win32
		{D40462AF-CDAC-49DB-8035-AB62DE6EEF9C}.Development Editor|HTML5.ActiveCfg = BuiltWithUnrealBuildTool|Win32
		{D40462AF-CDAC-49DB-8035-AB62DE6EEF9C}.Development Editor|HTML5.Build.0 = BuiltWithUnrealBuildTool|Win32
		{D40462AF-CDAC-49DB-8035-AB62DE6EEF9C}.Development Editor|Win32.ActiveCfg = BuiltWithUnrealBuildTool|Win32
		{D40462AF-CDAC-49DB-8035-AB62DE6EEF9C}.Development Editor|Win32.Build.0 = BuiltWithUnrealBuildTool|Win32
		{D40462AF-CDAC-49DB-8035-AB62DE6EEF9C}.Development Editor|Win64.ActiveCfg = BuiltWithUnrealBuildTool|Win32
		{D40462AF-CDAC-49DB-8035-AB62DE6EEF9C}.Development Editor|Win64.Build.0 = BuiltWithUnrealBuildTool|Win32
		{D40462AF-CDAC-49DB-8035-AB62DE6EEF9C}.Development|HTML5.ActiveCfg = BuiltWithUnrealBuildTool|Win32
		{D40462AF-CDAC-49DB-8035-AB62DE6EEF9C}.Development|HTML5.Build.0 = BuiltWithUnrealBuildTool|Win32
		{D40462AF-CDAC-49DB-8035-AB62DE6EEF9C}.Development|Win32.ActiveCfg = BuiltWithUnrealBuildTool|Win32
		{D40462AF-CDAC-49DB-8035-AB62DE6EEF9C}.Development|Win32.Build.0 = BuiltWithUnrealBuildTool|Win32
		{D40462AF-CDAC-49DB-8035-AB62DE6EEF9C}.Development|Win64.ActiveCfg = BuiltWithUnrealBuildTool|Win32
		{D40462AF-CDAC-49DB-8035-AB62DE6EEF9C}.Development|Win64.Build.0 = BuiltWithUnrealBuildTool|Win32
		{D40462AF-CDAC-49DB-8035-AB62DE6EEF9C}.Shipping|HTML5.ActiveCfg = BuiltWithUnrealBuildTool|Win32
		{D40462AF-CDAC-49DB-8035-AB62DE6EEF9C}.Shipping|HTML5.Build.0 = BuiltWithUnrealBuildTool|Win32
		{D40462AF-CDAC-49DB-8035-AB62DE6EEF9C}.Shipping|Win32.ActiveCfg = BuiltWithUnrealBuildTool|Win32
		{D40462AF-CDAC-49DB-8035-AB62DE6EEF9C}.Shipping|Win32.Build.0 = BuiltWithUnrealBuildTool|Win32
		{D40462AF-CDAC-49DB-8035-AB62DE6EEF9C}.Shipping|Win64.ActiveCfg = BuiltWithUnrealBuildTool|Win32
		{D40462AF-CDAC-49DB-8035-AB62DE6EEF9C}.Shipping|Win64.Build.0 = BuiltWithUnrealBuildTool|Win32
		{746EC816-6F44-45DA-992E-A46C440A67ED}.DebugGame Editor|HTML5.ActiveCfg = HTML5_DebugGame_Editor|Win32
		{746EC816-6F44-45DA-992E-A46C440A67ED}.DebugGame Editor|Win32.ActiveCfg = DebugGame_Editor|Win32
		{746EC816-6F44-45DA-992E-A46C440A67ED}.DebugGame Editor|Win64.ActiveCfg = DebugGame_Editor|x64
		{746EC816-6F44-45DA-992E-A46C440A67ED}.DebugGame Editor|Win64.Build.0 = DebugGame_Editor|x64
		{746EC816-6F44-45DA-992E-A46C440A67ED}.DebugGame|HTML5.ActiveCfg = HTML5_DebugGame_Game|Win32
		{746EC816-6F44-45DA-992E-A46C440A67ED}.DebugGame|HTML5.Build.0 = HTML5_DebugGame_Game|Win32
		{746EC816-6F44-45DA-992E-A46C440A67ED}.DebugGame|Win32.ActiveCfg = DebugGame_Game|Win32
		{746EC816-6F44-45DA-992E-A46C440A67ED}.DebugGame|Win32.Build.0 = DebugGame_Game|Win32
		{746EC816-6F44-45DA-992E-A46C440A67ED}.DebugGame|Win64.ActiveCfg = DebugGame_Game|x64
		{746EC816-6F44-45DA-992E-A46C440A67ED}.DebugGame|Win64.Build.0 = DebugGame_Game|x64
		{746EC816-6F44-45DA-992E-A46C440A67ED}.Development Editor|HTML5.ActiveCfg = HTML5_Development_Editor|Win32
		{746EC816-6F44-45DA-992E-A46C440A67ED}.Development Editor|Win32.ActiveCfg = Development_Editor|Win32
		{746EC816-6F44-45DA-992E-A46C440A67ED}.Development Editor|Win64.ActiveCfg = Development_Editor|x64
		{746EC816-6F44-45DA-992E-A46C440A67ED}.Development Editor|Win64.Build.0 = Development_Editor|x64
		{746EC816-6F44-45DA-992E-A46C440A67ED}.Development|HTML5.ActiveCfg = HTML5_Development_Game|Win32
		{746EC816-6F44-45DA-992E-A46C440A67ED}.Development|HTML5.Build.0 = HTML5_Development_Game|Win32
		{746EC816-6F44-45DA-992E-A46C440A67ED}.Development|Win32.ActiveCfg = Development_Game|Win32
		{746EC816-6F44-45DA-992E-A46C440A67ED}.Development|Win32.Build.0 = Development_Game|Win32
		{746EC816-6F44-45DA-992E-A46C440A67ED}.Development|Win64.ActiveCfg = Development_Game|x64
		{746EC816-6F44-45DA-992E-A46C440A67ED}.Development|Win64.Build.0 = Development_Game|x64
		{746EC816-6F44-45DA-992E-A46C440A67ED}.Shipping|HTML5.ActiveCfg = HTML5_Shipping_Game|Win32
		{746EC816-6F44-45DA-992E-A46C440A67ED}.Shipping|HTML5.Build.0 = HTML5_Shipping_Game|Win32
		{746EC816-6F44-45DA-992E-A46C440A67ED}.Shipping|Win32.ActiveCfg = Shipping_Game|Win32
		{746EC816-6F44-45DA-992E-A46C440A67ED}.Shipping|Win32.Build.0 = Shipping_Game|Win32
		{746EC816-6F44-45DA-992E-A46C440A67ED}.Shipping|Win64.ActiveCfg = Shipping_Game|x64
		{746EC816-6F44-45DA-992E-A46C440A67ED}.Shipping|Win64.Build.0 = Shipping_Game|x64
	EndGlobalSection
	GlobalSection(SolutionProperties) = preSolution
		HideSolutionNode = FALSE
	EndGlobalSection
	GlobalSection(NestedProjects) = preSolution
		{D40462AF-CDAC-49DB-8035-AB62DE6EEF9C} = {C71F3608-B925-4D70-97BC-57FBCBD36FBC}
		{746EC816-6F44-45DA-992E-A46C440A67ED} = {A36A8999-C4C4-4D98-8E63-BED309F2D186}
	EndGlobalSection
	GlobalSection(ExtensibilityGlobals) = postSolution
		SolutionGuid = {2235B7C4-C166-4433-8124-CAA7B88C1428}
	EndGlobalSection
EndGlobal
